
Microsoft Visual Studio Solution File, Format Version 12.00
Project("{2150E333-8FDC-42A3-9474-1A3956D46DE8}") = "Src", "Src", "{8B022026-85F3-4034-839A-B923CBBD6413}"
EndProject
Project("{2150E333-8FDC-42A3-9474-1A3956D46DE8}") = "Seci.Domain", "Seci.Domain", "{09F51620-A8BB-4FC6-AA3D-AD781573E108}"
EndProject
Project("{2150E333-8FDC-42A3-9474-1A3956D46DE8}") = "Seci.Api", "Seci.Api", "{E6554A14-5A94-4A88-9BAF-83D93F5CF001}"
EndProject
Project("{2150E333-8FDC-42A3-9474-1A3956D46DE8}") = "Seci.Application", "Seci.Application", "{1C8D0D5C-54C1-4DD1-AF4B-F92FC5ED5C99}"
EndProject
Project("{2150E333-8FDC-42A3-9474-1A3956D46DE8}") = "Seci.Infra.Data", "Seci.Infra.Data", "{2564C755-8F9D-47ED-8B64-9F3D2E466939}"
EndProject
Project("{FAE04EC0-301F-11D3-BF4B-00C04F79EFBC}") = "Seci.Domain", "Src\Seci.Domain\Seci.Domain.csproj", "{D87E0491-A1BE-4BF6-B592-61B7FB23130C}"
EndProject
Project("{FAE04EC0-301F-11D3-BF4B-00C04F79EFBC}") = "Seci.Infra.Data", "Src\Seci.Infra.Data\Seci.Infra.Data.csproj", "{26ECB63B-D971-401B-BEF0-C64FCA43AA31}"
EndProject
Project("{FAE04EC0-301F-11D3-BF4B-00C04F79EFBC}") = "Seci.Application", "Src\Seci.Application\Seci.Application.csproj", "{7392C87B-156F-4746-A692-106BDFEE60CA}"
EndProject
Project("{FAE04EC0-301F-11D3-BF4B-00C04F79EFBC}") = "Seci.Api", "Src\Seci.Api\Seci.Api.csproj", "{50AE90EE-3824-4718-BAC4-72ABDFF1EA13}"
EndProject
Global
	GlobalSection(SolutionConfigurationPlatforms) = preSolution
		Debug|Any CPU = Debug|Any CPU
		Release|Any CPU = Release|Any CPU
	EndGlobalSection
	GlobalSection(NestedProjects) = preSolution
		{09F51620-A8BB-4FC6-AA3D-AD781573E108} = {8B022026-85F3-4034-839A-B923CBBD6413}
		{E6554A14-5A94-4A88-9BAF-83D93F5CF001} = {8B022026-85F3-4034-839A-B923CBBD6413}
		{1C8D0D5C-54C1-4DD1-AF4B-F92FC5ED5C99} = {8B022026-85F3-4034-839A-B923CBBD6413}
		{2564C755-8F9D-47ED-8B64-9F3D2E466939} = {8B022026-85F3-4034-839A-B923CBBD6413}
		{D87E0491-A1BE-4BF6-B592-61B7FB23130C} = {09F51620-A8BB-4FC6-AA3D-AD781573E108}
		{26ECB63B-D971-401B-BEF0-C64FCA43AA31} = {2564C755-8F9D-47ED-8B64-9F3D2E466939}
		{7392C87B-156F-4746-A692-106BDFEE60CA} = {1C8D0D5C-54C1-4DD1-AF4B-F92FC5ED5C99}
		{50AE90EE-3824-4718-BAC4-72ABDFF1EA13} = {E6554A14-5A94-4A88-9BAF-83D93F5CF001}
	EndGlobalSection
	GlobalSection(ProjectConfigurationPlatforms) = postSolution
		{D87E0491-A1BE-4BF6-B592-61B7FB23130C}.Debug|Any CPU.ActiveCfg = Debug|Any CPU
		{D87E0491-A1BE-4BF6-B592-61B7FB23130C}.Debug|Any CPU.Build.0 = Debug|Any CPU
		{D87E0491-A1BE-4BF6-B592-61B7FB23130C}.Release|Any CPU.ActiveCfg = Release|Any CPU
		{D87E0491-A1BE-4BF6-B592-61B7FB23130C}.Release|Any CPU.Build.0 = Release|Any CPU
		{26ECB63B-D971-401B-BEF0-C64FCA43AA31}.Debug|Any CPU.ActiveCfg = Debug|Any CPU
		{26ECB63B-D971-401B-BEF0-C64FCA43AA31}.Debug|Any CPU.Build.0 = Debug|Any CPU
		{26ECB63B-D971-401B-BEF0-C64FCA43AA31}.Release|Any CPU.ActiveCfg = Release|Any CPU
		{26ECB63B-D971-401B-BEF0-C64FCA43AA31}.Release|Any CPU.Build.0 = Release|Any CPU
		{7392C87B-156F-4746-A692-106BDFEE60CA}.Debug|Any CPU.ActiveCfg = Debug|Any CPU
		{7392C87B-156F-4746-A692-106BDFEE60CA}.Debug|Any CPU.Build.0 = Debug|Any CPU
		{7392C87B-156F-4746-A692-106BDFEE60CA}.Release|Any CPU.ActiveCfg = Release|Any CPU
		{7392C87B-156F-4746-A692-106BDFEE60CA}.Release|Any CPU.Build.0 = Release|Any CPU
		{50AE90EE-3824-4718-BAC4-72ABDFF1EA13}.Debug|Any CPU.ActiveCfg = Debug|Any CPU
		{50AE90EE-3824-4718-BAC4-72ABDFF1EA13}.Debug|Any CPU.Build.0 = Debug|Any CPU
		{50AE90EE-3824-4718-BAC4-72ABDFF1EA13}.Release|Any CPU.ActiveCfg = Release|Any CPU
		{50AE90EE-3824-4718-BAC4-72ABDFF1EA13}.Release|Any CPU.Build.0 = Release|Any CPU
	EndGlobalSection
EndGlobal
