
Microsoft Visual Studio Solution File, Format Version 12.00
Project("{2150E333-8FDC-42A3-9474-1A3956D46DE8}") = "Src", "Src", "{5760FC13-DF00-410A-B239-674C61F66DE0}"
EndProject
Project("{2150E333-8FDC-42A3-9474-1A3956D46DE8}") = "Pokedex.Domain", "Pokedex.Domain", "{15DA774C-C5BC-4AD4-80F3-9A6435C81921}"
EndProject
Project("{2150E333-8FDC-42A3-9474-1A3956D46DE8}") = "Pokedex.Infra", "Pokedex.Infra", "{C1B87AC5-1A2F-45D2-80EA-A6CFCC3043E7}"
EndProject
Project("{2150E333-8FDC-42A3-9474-1A3956D46DE8}") = "Pokedex.Application", "Pokedex.Application", "{8CCAAD16-C11D-4C91-AD44-D042FFEAFF65}"
EndProject
Project("{2150E333-8FDC-42A3-9474-1A3956D46DE8}") = "Pokedex.Api", "Pokedex.Api", "{B35FAB0E-179A-4BE6-9762-0E23580C8A51}"
EndProject
Project("{FAE04EC0-301F-11D3-BF4B-00C04F79EFBC}") = "Pokedex.Domain", "Pokedex.Domain\Pokedex.Domain.csproj", "{7E6A5115-A203-4BA1-B9C1-B1F944B81085}"
EndProject
Project("{FAE04EC0-301F-11D3-BF4B-00C04F79EFBC}") = "Pokedex.Infra", "Pokedex.Infra\Pokedex.Infra.csproj", "{D14FD562-3E95-4567-B3AC-088EA7F3EB65}"
EndProject
Project("{FAE04EC0-301F-11D3-BF4B-00C04F79EFBC}") = "Pokedex.Application", "Pokedex.Application\Pokedex.Application.csproj", "{6E621F53-8CA2-47E3-96AA-8784DFC50F41}"
EndProject
Project("{FAE04EC0-301F-11D3-BF4B-00C04F79EFBC}") = "Pokedex.Api", "Pokedex.Api\Pokedex.Api.csproj", "{CA3A3DB6-1352-4A49-9FFF-E45A604212CF}"
EndProject
Project("{2150E333-8FDC-42A3-9474-1A3956D46DE8}") = "Pokedex.Core", "Pokedex.Core", "{EF904052-3006-4CB4-934E-F134757FED25}"
EndProject
Project("{FAE04EC0-301F-11D3-BF4B-00C04F79EFBC}") = "Pokedex.Core", "Pokedex.Core\Pokedex.Core.csproj", "{30456293-AEBD-49CF-8C33-312684B931B0}"
EndProject
Project("{2150E333-8FDC-42A3-9474-1A3956D46DE8}") = "Tests", "Tests", "{CE34A94C-AF8E-4A7C-BBD8-77C14B1C14E0}"
EndProject
Project("{FAE04EC0-301F-11D3-BF4B-00C04F79EFBC}") = "Pokedex.Application.Test", "Pokedex.Application.Test\Pokedex.Application.Test.csproj", "{B7579D43-0093-47F7-954E-2C5159FA93CB}"
EndProject
Global
	GlobalSection(SolutionConfigurationPlatforms) = preSolution
		Debug|Any CPU = Debug|Any CPU
		Release|Any CPU = Release|Any CPU
	EndGlobalSection
	GlobalSection(NestedProjects) = preSolution
		{15DA774C-C5BC-4AD4-80F3-9A6435C81921} = {5760FC13-DF00-410A-B239-674C61F66DE0}
		{C1B87AC5-1A2F-45D2-80EA-A6CFCC3043E7} = {5760FC13-DF00-410A-B239-674C61F66DE0}
		{8CCAAD16-C11D-4C91-AD44-D042FFEAFF65} = {5760FC13-DF00-410A-B239-674C61F66DE0}
		{B35FAB0E-179A-4BE6-9762-0E23580C8A51} = {5760FC13-DF00-410A-B239-674C61F66DE0}
		{7E6A5115-A203-4BA1-B9C1-B1F944B81085} = {15DA774C-C5BC-4AD4-80F3-9A6435C81921}
		{D14FD562-3E95-4567-B3AC-088EA7F3EB65} = {C1B87AC5-1A2F-45D2-80EA-A6CFCC3043E7}
		{6E621F53-8CA2-47E3-96AA-8784DFC50F41} = {8CCAAD16-C11D-4C91-AD44-D042FFEAFF65}
		{CA3A3DB6-1352-4A49-9FFF-E45A604212CF} = {B35FAB0E-179A-4BE6-9762-0E23580C8A51}
		{EF904052-3006-4CB4-934E-F134757FED25} = {5760FC13-DF00-410A-B239-674C61F66DE0}
		{30456293-AEBD-49CF-8C33-312684B931B0} = {EF904052-3006-4CB4-934E-F134757FED25}
		{B7579D43-0093-47F7-954E-2C5159FA93CB} = {CE34A94C-AF8E-4A7C-BBD8-77C14B1C14E0}
	EndGlobalSection
	GlobalSection(ProjectConfigurationPlatforms) = postSolution
		{7E6A5115-A203-4BA1-B9C1-B1F944B81085}.Debug|Any CPU.ActiveCfg = Debug|Any CPU
		{7E6A5115-A203-4BA1-B9C1-B1F944B81085}.Debug|Any CPU.Build.0 = Debug|Any CPU
		{7E6A5115-A203-4BA1-B9C1-B1F944B81085}.Release|Any CPU.ActiveCfg = Release|Any CPU
		{7E6A5115-A203-4BA1-B9C1-B1F944B81085}.Release|Any CPU.Build.0 = Release|Any CPU
		{D14FD562-3E95-4567-B3AC-088EA7F3EB65}.Debug|Any CPU.ActiveCfg = Debug|Any CPU
		{D14FD562-3E95-4567-B3AC-088EA7F3EB65}.Debug|Any CPU.Build.0 = Debug|Any CPU
		{D14FD562-3E95-4567-B3AC-088EA7F3EB65}.Release|Any CPU.ActiveCfg = Release|Any CPU
		{D14FD562-3E95-4567-B3AC-088EA7F3EB65}.Release|Any CPU.Build.0 = Release|Any CPU
		{6E621F53-8CA2-47E3-96AA-8784DFC50F41}.Debug|Any CPU.ActiveCfg = Debug|Any CPU
		{6E621F53-8CA2-47E3-96AA-8784DFC50F41}.Debug|Any CPU.Build.0 = Debug|Any CPU
		{6E621F53-8CA2-47E3-96AA-8784DFC50F41}.Release|Any CPU.ActiveCfg = Release|Any CPU
		{6E621F53-8CA2-47E3-96AA-8784DFC50F41}.Release|Any CPU.Build.0 = Release|Any CPU
		{CA3A3DB6-1352-4A49-9FFF-E45A604212CF}.Debug|Any CPU.ActiveCfg = Debug|Any CPU
		{CA3A3DB6-1352-4A49-9FFF-E45A604212CF}.Debug|Any CPU.Build.0 = Debug|Any CPU
		{CA3A3DB6-1352-4A49-9FFF-E45A604212CF}.Release|Any CPU.ActiveCfg = Release|Any CPU
		{CA3A3DB6-1352-4A49-9FFF-E45A604212CF}.Release|Any CPU.Build.0 = Release|Any CPU
		{30456293-AEBD-49CF-8C33-312684B931B0}.Debug|Any CPU.ActiveCfg = Debug|Any CPU
		{30456293-AEBD-49CF-8C33-312684B931B0}.Debug|Any CPU.Build.0 = Debug|Any CPU
		{30456293-AEBD-49CF-8C33-312684B931B0}.Release|Any CPU.ActiveCfg = Release|Any CPU
		{30456293-AEBD-49CF-8C33-312684B931B0}.Release|Any CPU.Build.0 = Release|Any CPU
		{B7579D43-0093-47F7-954E-2C5159FA93CB}.Debug|Any CPU.ActiveCfg = Debug|Any CPU
		{B7579D43-0093-47F7-954E-2C5159FA93CB}.Debug|Any CPU.Build.0 = Debug|Any CPU
		{B7579D43-0093-47F7-954E-2C5159FA93CB}.Release|Any CPU.ActiveCfg = Release|Any CPU
		{B7579D43-0093-47F7-954E-2C5159FA93CB}.Release|Any CPU.Build.0 = Release|Any CPU
	EndGlobalSection
EndGlobal
